{
  "nodes": {
    "emacs-mac-src": {
      "flake": false,
      "locked": {
        "lastModified": 1781189070,
        "narHash": "sha256-W8mqXQXCQ3/xtnSZGp4/F2ETjtnB7JMJ3gU+2sM9/kg=",
        "owner": "liaowang11",
        "repo": "emacs-mac",
        "rev": "0b2375744ca8aa53845b94a4b469faa3a2437dd1",
        "type": "github"
      },
      "original": {
        "owner": "liaowang11",
        "ref": "emacs-mac-30_1_exp",
        "repo": "emacs-mac",
        "type": "github"
      }
    },
    "emacs-overlay": {
      "inputs": {
        "nixpkgs": [
          "nixpkgs"
        ],
        "nixpkgs-stable": "nixpkgs-stable"
      },
      "locked": {
        "lastModified": 1783049978,
        "narHash": "sha256-1birKvKOf3ZThd8uO55iivGs9kqgsGYf8QQqF1wlAq4=",
        "owner": "nix-community",
        "repo": "emacs-overlay",
        "rev": "2c3d2ecbd8c0c1f2abfe4faa69724e8cadd91195",
        "type": "github"
      },
      "original": {
        "owner": "nix-community",
        "repo": "emacs-overlay",
        "type": "github"
      }
    },
    "nixpkgs": {
      "locked": {
        "lastModified": 1782918843,
        "narHash": "sha256-ETYnV9U7Sr+A45dohzZdfCZKOss4qrTkO+wgNZNvEc0=",
        "owner": "NixOS",
        "repo": "nixpkgs",
        "rev": "e8273b29fe1390ec8d4603f2477357555291432e",
        "type": "github"
      },
      "original": {
        "owner": "NixOS",
        "ref": "nixpkgs-unstable",
        "repo": "nixpkgs",
        "type": "github"
      }
    },
    "nixpkgs-stable": {
      "locked": {
        "lastModified": 1782847225,
        "narHash": "sha256-JC9PjqKYG9ve5U8aDOLQipp3+KLANBHUvGdLZlxzdKI=",
        "owner": "NixOS",
        "repo": "nixpkgs",
        "rev": "95ca1e203c0750115fd4a6f17d5a245dfe6b1edd",
        "type": "github"
      },
      "original": {
        "owner": "NixOS",
        "ref": "nixos-26.05",
        "repo": "nixpkgs",
        "type": "github"
      }
    },
    "root": {
      "inputs": {
        "emacs-mac-src": "emacs-mac-src",
        "emacs-overlay": "emacs-overlay",
        "nixpkgs": "nixpkgs",
        "telega-src": "telega-src"
      }
    },
    "telega-src": {
      "flake": false,
      "locked": {
        "lastModified": 1782805592,
        "narHash": "sha256-oY7xwHs79i9k14ZucieXNjaGy9ogBkXUUz53Ym0h/dg=",
        "owner": "liaowang11",
        "repo": "telega.el",
        "rev": "2bb32a621982367fbd24cb5b7682f27217f5a93a",
        "type": "github"
      },
      "original": {
        "owner": "liaowang11",
        "ref": "main",
        "repo": "telega.el",
        "type": "github"
      }
    }
  },
  "root": "root",
  "version": 7
}
