{
  "nodes": {
    "emacs-mac-src": {
      "flake": false,
      "locked": {
        "lastModified": 1787651307,
        "narHash": "sha256-ItesikgxXthvHp0YYHxx4Q+1itA6h7VGqYQHtTlU5cc=",
        "owner": "liaowang11",
        "repo": "emacs-mac",
        "rev": "3d6a85fefc2c1d05a838a3627266cf4c15982d3c",
        "type": "github"
      },
      "original": {
        "owner": "liaowang11",
        "ref": "emacs-mac-31_1",
        "repo": "emacs-mac",
        "type": "github"
      }
    },
    "emacs-overlay": {
      "inputs": {
        "nixpkgs": [
          "nixpkgs"
        ],
        "nixpkgs-stable": "nixpkgs-stable"
      },
      "locked": {
        "lastModified": 1788236614,
        "narHash": "sha256-OWvjnIky2242pfcubarUZ6KpeA7z1GhMxVLykDNf7Nc=",
        "owner": "nix-community",
        "repo": "emacs-overlay",
        "rev": "4b5de8b4153c195f4f57da14317d874a04be51d4",
        "type": "github"
      },
      "original": {
        "owner": "nix-community",
        "repo": "emacs-overlay",
        "type": "github"
      }
    },
    "nixpkgs": {
      "locked": {
        "lastModified": 1787964612,
        "narHash": "sha256-0N9nghg3nwzX6b6qc77EzjR9cu/Z+UR66FlfsCqiURs=",
        "owner": "NixOS",
        "repo": "nixpkgs",
        "rev": "e8be7818e19ada32105a8af937a6a473b38167ca",
        "type": "github"
      },
      "original": {
        "owner": "NixOS",
        "ref": "nixpkgs-unstable",
        "repo": "nixpkgs",
        "type": "github"
      }
    },
    "nixpkgs-stable": {
      "locked": {
        "lastModified": 1787962033,
        "narHash": "sha256-u6z9VTZA4Kf3RkHQo9sQI7NI4Ei/uiU9vrMqOiwWP1Y=",
        "owner": "NixOS",
        "repo": "nixpkgs",
        "rev": "c5c4a43b0e8056328ec4529f735cabdb8f1942bb",
        "type": "github"
      },
      "original": {
        "owner": "NixOS",
        "ref": "nixos-26.05",
        "repo": "nixpkgs",
        "type": "github"
      }
    },
    "nixpkgs_2": {
      "locked": {
        "lastModified": 1768305791,
        "narHash": "sha256-AIdl6WAn9aymeaH/NvBj0H9qM+XuAuYbGMZaP0zcXAQ=",
        "owner": "NixOS",
        "repo": "nixpkgs",
        "rev": "1412caf7bf9e660f2f962917c14b1ea1c3bc695e",
        "type": "github"
      },
      "original": {
        "owner": "NixOS",
        "ref": "nixos-unstable",
        "repo": "nixpkgs",
        "type": "github"
      }
    },
    "root": {
      "inputs": {
        "emacs-mac-src": "emacs-mac-src",
        "emacs-overlay": "emacs-overlay",
        "nixpkgs": "nixpkgs",
        "telega-src": "telega-src",
        "tramp-rpc": "tramp-rpc"
      }
    },
    "rust-overlay": {
      "inputs": {
        "nixpkgs": [
          "tramp-rpc",
          "nixpkgs"
        ]
      },
      "locked": {
        "lastModified": 1768445213,
        "narHash": "sha256-y0BglISgDr61vvdb35m0O4npuqh1pojlBNDILo9j8AI=",
        "owner": "oxalica",
        "repo": "rust-overlay",
        "rev": "1cd63408e71cc0e6a89ff2cb7c4107214e2523cc",
        "type": "github"
      },
      "original": {
        "owner": "oxalica",
        "repo": "rust-overlay",
        "type": "github"
      }
    },
    "telega-src": {
      "flake": false,
      "locked": {
        "lastModified": 1787539556,
        "narHash": "sha256-DSveJ8K9PZ4CBjLMQUT9odWqh5Xso+BRu9UV6FSn6d0=",
        "owner": "liaowang11",
        "repo": "telega.el",
        "rev": "c90406e0ad31b56832d6be624f5054059684695a",
        "type": "github"
      },
      "original": {
        "owner": "liaowang11",
        "ref": "master",
        "repo": "telega.el",
        "type": "github"
      }
    },
    "tramp-rpc": {
      "inputs": {
        "nixpkgs": "nixpkgs_2",
        "rust-overlay": "rust-overlay"
      },
      "locked": {
        "lastModified": 1788180064,
        "narHash": "sha256-vHjVNWR/exkJ5v9AhH1uEeJ/5wNpmLARTyYeCofNET0=",
        "owner": "ArthurHeymans",
        "repo": "emacs-tramp-rpc",
        "rev": "76a295718afd3687867c7a7357263d616454eaa2",
        "type": "github"
      },
      "original": {
        "owner": "ArthurHeymans",
        "repo": "emacs-tramp-rpc",
        "type": "github"
      }
    }
  },
  "root": "root",
  "version": 7
}
