{
  "nodes": {
    "emacs-mac-src": {
      "flake": false,
      "locked": {
        "lastModified": 1785314985,
        "narHash": "sha256-9baQCCr9sBaAOBaCNUgDJ1udqGJF/68CWneRIhS9e4Y=",
        "owner": "liaowang11",
        "repo": "emacs-mac",
        "rev": "74b4921754fe5d8a5b31218007f21721df8bdb84",
        "type": "github"
      },
      "original": {
        "owner": "liaowang11",
        "ref": "emacs-mac-30_1_exp",
        "repo": "emacs-mac",
        "type": "github"
      }
    },
    "emacs-overlay": {
      "inputs": {
        "nixpkgs": [
          "nixpkgs"
        ],
        "nixpkgs-stable": "nixpkgs-stable"
      },
      "locked": {
        "lastModified": 1786674647,
        "narHash": "sha256-/gESGYOzsl5P9lxl6VcHgvTWjd9wqkFD4MFBB8PalQA=",
        "owner": "nix-community",
        "repo": "emacs-overlay",
        "rev": "cbebbf28a38ff758547106c2292b117598ebc6ec",
        "type": "github"
      },
      "original": {
        "owner": "nix-community",
        "repo": "emacs-overlay",
        "type": "github"
      }
    },
    "nixpkgs": {
      "locked": {
        "lastModified": 1786534138,
        "narHash": "sha256-fBJMdnKUTUDtfi/BYLr71HLaC9dG382arxLF2Egg2uo=",
        "owner": "NixOS",
        "repo": "nixpkgs",
        "rev": "044bfe75bfe4c7bbe043dc17b5e42ea823b84a09",
        "type": "github"
      },
      "original": {
        "owner": "NixOS",
        "ref": "nixpkgs-unstable",
        "repo": "nixpkgs",
        "type": "github"
      }
    },
    "nixpkgs-stable": {
      "locked": {
        "lastModified": 1786535285,
        "narHash": "sha256-rG5HKMAgAhMgydvKGtco6rqTxRq4EDZQCx9USLvVqYw=",
        "owner": "NixOS",
        "repo": "nixpkgs",
        "rev": "9f78f44a87948854445dae0b6bf82b2e87e4efb5",
        "type": "github"
      },
      "original": {
        "owner": "NixOS",
        "ref": "nixos-26.05",
        "repo": "nixpkgs",
        "type": "github"
      }
    },
    "root": {
      "inputs": {
        "emacs-mac-src": "emacs-mac-src",
        "emacs-overlay": "emacs-overlay",
        "nixpkgs": "nixpkgs",
        "telega-src": "telega-src"
      }
    },
    "telega-src": {
      "flake": false,
      "locked": {
        "lastModified": 1783745862,
        "narHash": "sha256-yXWdFHAzFR3g1AfCYVJzlEANHvqpIKNWYSqlObJW99I=",
        "owner": "liaowang11",
        "repo": "telega.el",
        "rev": "35b411c433f715353f019cb13f1f68cc188e8802",
        "type": "github"
      },
      "original": {
        "owner": "liaowang11",
        "ref": "master",
        "repo": "telega.el",
        "type": "github"
      }
    }
  },
  "root": "root",
  "version": 7
}
